PODS:
  - Alamofire (4.0.1)
  - Kanna (3.0.0)

DEPENDENCIES:
  - Alamofire (~> 4.0.0)
  - Kanna (~> 3.0.0)

SPEC REPOS:
  https://github.com/cocoapods/specs.git:
    - Alamofire
    - Kanna

SPEC CHECKSUMS:
  Alamofire: 7682d43245de14874acd142ec137b144aa1dd335
  Kanna: 93a9af3643d46425e48899a8b033a2da44af2b49

PODFILE CHECKSUM: 94ce8c91b2ec912c37ed07f1db46246f52410577

COCOAPODS: 1.5.3
